
Microsoft Visual Studio Solution File, Format Version 12.00
# Visual Studio 15
VisualStudioVersion = 15.0.26430.12
MinimumVisualStudioVersion = 10.0.40219.1
Project("{FAE04EC0-301F-11D3-BF4B-00C04F79EFBC}") = "WebApplication1", "WebApplication1\WebApplication1.csproj", "{85BFEC8A-21F3-4ECC-8A83-7D6F683DEB9B}"
EndProject
Project("{FAE04EC0-301F-11D3-BF4B-00C04F79EFBC}") = "WebApplication1.Tests", "WebApplication1.Tests\WebApplication1.Tests.csproj", "{E6E5E8AB-C59D-4CC6-83F8-63D875B16109}"
EndProject
Global
	GlobalSection(SolutionConfigurationPlatforms) = preSolution
		Debug|Any CPU = Debug|Any CPU
		Release|Any CPU = Release|Any CPU
	EndGlobalSection
	GlobalSection(ProjectConfigurationPlatforms) = postSolution
		{85BFEC8A-21F3-4ECC-8A83-7D6F683DEB9B}.Debug|Any CPU.ActiveCfg = Debug|Any CPU
		{85BFEC8A-21F3-4ECC-8A83-7D6F683DEB9B}.Debug|Any CPU.Build.0 = Debug|Any CPU
		{85BFEC8A-21F3-4ECC-8A83-7D6F683DEB9B}.Release|Any CPU.ActiveCfg = Release|Any CPU
		{85BFEC8A-21F3-4ECC-8A83-7D6F683DEB9B}.Release|Any CPU.Build.0 = Release|Any CPU
		{E6E5E8AB-C59D-4CC6-83F8-63D875B16109}.Debug|Any CPU.ActiveCfg = Debug|Any CPU
		{E6E5E8AB-C59D-4CC6-83F8-63D875B16109}.Debug|Any CPU.Build.0 = Debug|Any CPU
		{E6E5E8AB-C59D-4CC6-83F8-63D875B16109}.Release|Any CPU.ActiveCfg = Release|Any CPU
		{E6E5E8AB-C59D-4CC6-83F8-63D875B16109}.Release|Any CPU.Build.0 = Release|Any CPU
	EndGlobalSection
	GlobalSection(SolutionProperties) = preSolution
		HideSolutionNode = FALSE
	EndGlobalSection
EndGlobal
